// !$*UTF8*$!
{
	archiveVersion = 1;
	classes = {
	};
	objectVersion = 55;
	objects = {

/* Begin PBXBuildFile section */
		22EF032EF42AACD80C07DCBC /* Pods_NewsTests.framework in Frameworks */ = {isa = PBXBuildFile; fileRef = 544745823AA415A6B685F336 /* Pods_NewsTests.framework */; };
		68A1B34C024BABF3C79EEC84 /* Pods_News_NewsUITests.framework in Frameworks */ = {isa = PBXBuildFile; fileRef = E0E4C48955BBBD07C1F4AE4E /* Pods_News_NewsUITests.framework */; };
		7CFBBD8955E15B1F44752E46 /* Pods_News.framework in Frameworks */ = {isa = PBXBuildFile; fileRef = E55F069EF7FD41BD605FE3FE /* Pods_News.framework */; };
		F41E911C2877F351001AD18D /* ViewRepresentable.swift in Sources */ = {isa = PBXBuildFile; fileRef = F41E911B2877F351001AD18D /* ViewRepresentable.swift */; };
		F41E911E2877F389001AD18D /* ViewModel.swift in Sources */ = {isa = PBXBuildFile; fileRef = F41E911D2877F389001AD18D /* ViewModel.swift */; };
		F41E912328780B73001AD18D /* NewsWebView.swift in Sources */ = {isa = PBXBuildFile; fileRef = F41E912228780B73001AD18D /* NewsWebView.swift */; };
		F41E912528781010001AD18D /* NewsWebViewModel.swift in Sources */ = {isa = PBXBuildFile; fileRef = F41E912428781010001AD18D /* NewsWebViewModel.swift */; };
		F41E912728782191001AD18D /* Coordinator.swift in Sources */ = {isa = PBXBuildFile; fileRef = F41E912628782191001AD18D /* Coordinator.swift */; };
		F41E912A28782215001AD18D /* CoordinatorDelegate.swift in Sources */ = {isa = PBXBuildFile; fileRef = F41E912928782215001AD18D /* CoordinatorDelegate.swift */; };
		F41E912C287822AB001AD18D /* AppCoordinator.swift in Sources */ = {isa = PBXBuildFile; fileRef = F41E912B287822AB001AD18D /* AppCoordinator.swift */; };
		F41E912E28782373001AD18D /* CoordinatorStyleCase.swift in Sources */ = {isa = PBXBuildFile; fileRef = F41E912D28782373001AD18D /* CoordinatorStyleCase.swift */; };
		F41E913128782495001AD18D /* NewsTabCoordinator.swift in Sources */ = {isa = PBXBuildFile; fileRef = F41E913028782495001AD18D /* NewsTabCoordinator.swift */; };
		F41E913328782506001AD18D /* NewsTabPageCase.swift in Sources */ = {isa = PBXBuildFile; fileRef = F41E913228782506001AD18D /* NewsTabPageCase.swift */; };
		F41E913628782F54001AD18D /* NewsListCoordinator.swift in Sources */ = {isa = PBXBuildFile; fileRef = F41E913528782F53001AD18D /* NewsListCoordinator.swift */; };
		F41E913928782F76001AD18D /* NewsScrapCoordinator.swift in Sources */ = {isa = PBXBuildFile; fileRef = F41E913828782F76001AD18D /* NewsScrapCoordinator.swift */; };
		F41E913B2879258D001AD18D /* ToastCase.swift in Sources */ = {isa = PBXBuildFile; fileRef = F41E913A2879258D001AD18D /* ToastCase.swift */; };
		F41E913E28793DED001AD18D /* NewsListView.swift in Sources */ = {isa = PBXBuildFile; fileRef = F41E913D28793DED001AD18D /* NewsListView.swift */; };
		F41E914028793FEA001AD18D /* NewsListViewModel.swift in Sources */ = {isa = PBXBuildFile; fileRef = F41E913F28793FEA001AD18D /* NewsListViewModel.swift */; };
		F41E9143287BBCB3001AD18D /* NewsScrapView.swift in Sources */ = {isa = PBXBuildFile; fileRef = F41E9142287BBCB3001AD18D /* NewsScrapView.swift */; };
		F41E9145287BBEBA001AD18D /* NewsScrapViewModel.swift in Sources */ = {isa = PBXBuildFile; fileRef = F41E9144287BBEBA001AD18D /* NewsScrapViewModel.swift */; };
		F41E9147287BC2DA001AD18D /* UIViewController + Rx.swift in Sources */ = {isa = PBXBuildFile; fileRef = F41E9146287BC2DA001AD18D /* UIViewController + Rx.swift */; };
		F41E914C287BFD44001AD18D /* NewsTagmakerViewModel.swift in Sources */ = {isa = PBXBuildFile; fileRef = F41E914B287BFD44001AD18D /* NewsTagmakerViewModel.swift */; };
		F465673C28ADEABC00094FA2 /* NewsTagmakerView.swift in Sources */ = {isa = PBXBuildFile; fileRef = F465673B28ADEABC00094FA2 /* NewsTagmakerView.swift */; };
		F46BDD74286FF5D800566151 /* NewsWebViewModelTests.swift in Sources */ = {isa = PBXBuildFile; fileRef = F46BDD73286FF5D800566151 /* NewsWebViewModelTests.swift */; };
		F46BDD78286FF63700566151 /* MockCoreDataManager.swift in Sources */ = {isa = PBXBuildFile; fileRef = F46BDD77286FF63700566151 /* MockCoreDataManager.swift */; };
		F48A394728656340002E0F94 /* AppDelegate.swift in Sources */ = {isa = PBXBuildFile; fileRef = F48A394628656340002E0F94 /* AppDelegate.swift */; };
		F48A394928656340002E0F94 /* SceneDelegate.swift in Sources */ = {isa = PBXBuildFile; fileRef = F48A394828656340002E0F94 /* SceneDelegate.swift */; };
		F48A394B28656340002E0F94 /* NewsListViewController.swift in Sources */ = {isa = PBXBuildFile; fileRef = F48A394A28656340002E0F94 /* NewsListViewController.swift */; };
		F48A395028656346002E0F94 /* Assets.xcassets in Resources */ = {isa = PBXBuildFile; fileRef = F48A394F28656346002E0F94 /* Assets.xcassets */; };
		F48A395328656346002E0F94 /* LaunchScreen.storyboard in Resources */ = {isa = PBXBuildFile; fileRef = F48A395128656346002E0F94 /* LaunchScreen.storyboard */; };
		F48A396828656346002E0F94 /* NewsUITests.swift in Sources */ = {isa = PBXBuildFile; fileRef = F48A396728656346002E0F94 /* NewsUITests.swift */; };
		F48A396A28656346002E0F94 /* NewsUITestsLaunchTests.swift in Sources */ = {isa = PBXBuildFile; fileRef = F48A396928656346002E0F94 /* NewsUITestsLaunchTests.swift */; };
		F48A398328658222002E0F94 /* NewsListViewCell.swift in Sources */ = {isa = PBXBuildFile; fileRef = F48A398228658222002E0F94 /* NewsListViewCell.swift */; };
		F48A3985286599DE002E0F94 /* NewsListViewHeader.swift in Sources */ = {isa = PBXBuildFile; fileRef = F48A3984286599DD002E0F94 /* NewsListViewHeader.swift */; };
		F48A39882865A844002E0F94 /* NewsWebViewController.swift in Sources */ = {isa = PBXBuildFile; fileRef = F48A39872865A844002E0F94 /* NewsWebViewController.swift */; };
		F48A398B2865F0F2002E0F94 /* NewsSearchManager.swift in Sources */ = {isa = PBXBuildFile; fileRef = F48A398A2865F0F2002E0F94 /* NewsSearchManager.swift */; };
		F48A39902865F249002E0F94 /* NewsRequestModel.swift in Sources */ = {isa = PBXBuildFile; fileRef = F48A398F2865F249002E0F94 /* NewsRequestModel.swift */; };
		F48A39952866C38A002E0F94 /* String +.swift in Sources */ = {isa = PBXBuildFile; fileRef = F48A39942866C38A002E0F94 /* String +.swift */; };
		F48A3999286968CB002E0F94 /* MockNewsSearchManager.swift in Sources */ = {isa = PBXBuildFile; fileRef = F48A3998286968CB002E0F94 /* MockNewsSearchManager.swift */; };
		F48A39A5286BF30A002E0F94 /* NewsScrapViewController.swift in Sources */ = {isa = PBXBuildFile; fileRef = F48A39A4286BF30A002E0F94 /* NewsScrapViewController.swift */; };
		F48A39AA286BFDC7002E0F94 /* NewsData.xcdatamodeld in Sources */ = {isa = PBXBuildFile; fileRef = F48A39A8286BFDC7002E0F94 /* NewsData.xcdatamodeld */; };
		F48A39B2286BFFB4002E0F94 /* NewsSearchResponseDTO.swift in Sources */ = {isa = PBXBuildFile; fileRef = F48A39B1286BFFB4002E0F94 /* NewsSearchResponseDTO.swift */; };
		F48A39B5286C0189002E0F94 /* NewsData.swift in Sources */ = {isa = PBXBuildFile; fileRef = F48A39B4286C0189002E0F94 /* NewsData.swift */; };
		F48A39B8286C0580002E0F94 /* NewsSearchManagerProtocol.swift in Sources */ = {isa = PBXBuildFile; fileRef = F48A39B7286C0580002E0F94 /* NewsSearchManagerProtocol.swift */; };
		F48A39BB286C078A002E0F94 /* NetworkError.swift in Sources */ = {isa = PBXBuildFile; fileRef = F48A39BA286C0789002E0F94 /* NetworkError.swift */; };
		F48A39BD286C0864002E0F94 /* EndPoint.swift in Sources */ = {isa = PBXBuildFile; fileRef = F48A39BC286C0864002E0F94 /* EndPoint.swift */; };
		F48A39BF286C0926002E0F94 /* APIKey.swift in Sources */ = {isa = PBXBuildFile; fileRef = F48A39BE286C0926002E0F94 /* APIKey.swift */; };
		F48A39C1286C2A69002E0F94 /* CoreDataManager.swift in Sources */ = {isa = PBXBuildFile; fileRef = F48A39C0286C2A69002E0F94 /* CoreDataManager.swift */; };
		F48A39CD286C4CF2002E0F94 /* NewsScrapViewCell.swift in Sources */ = {isa = PBXBuildFile; fileRef = F48A39CC286C4CF2002E0F94 /* NewsScrapViewCell.swift */; };
		F48A39D1286D19ED002E0F94 /* Date +.swift in Sources */ = {isa = PBXBuildFile; fileRef = F48A39D0286D19ED002E0F94 /* Date +.swift */; };
		F48A39D6286D97A6002E0F94 /* NewsTagmakerViewController.swift in Sources */ = {isa = PBXBuildFile; fileRef = F48A39D5286D97A6002E0F94 /* NewsTagmakerViewController.swift */; };
		F48A39DA286DDA62002E0F94 /* NewsTagmakerViewCell.swift in Sources */ = {isa = PBXBuildFile; fileRef = F48A39D9286DDA62002E0F94 /* NewsTagmakerViewCell.swift */; };
		F4A1A4772872C5F300B64827 /* SearchUseCase.swift in Sources */ = {isa = PBXBuildFile; fileRef = F4A1A4762872C5F300B64827 /* SearchUseCase.swift */; };
		F4A1A47C2873F6AF00B64827 /* CoreDataManagerProtocol.swift in Sources */ = {isa = PBXBuildFile; fileRef = F4A1A47B2873F6AF00B64827 /* CoreDataManagerProtocol.swift */; };
		F4A1A47E2873F6FC00B64827 /* DataBaseUseCase.swift in Sources */ = {isa = PBXBuildFile; fileRef = F4A1A47D2873F6FC00B64827 /* DataBaseUseCase.swift */; };
		F4DD9A1F287E740F00468E9C /* NewsListViewModelTests.swift in Sources */ = {isa = PBXBuildFile; fileRef = F4DD9A1E287E740F00468E9C /* NewsListViewModelTests.swift */; };
		F4DD9A21287F1F8D00468E9C /* NewsScrapViewModelTests.swift in Sources */ = {isa = PBXBuildFile; fileRef = F4DD9A20287F1F8C00468E9C /* NewsScrapViewModelTests.swift */; };
		F4DD9A23287FBA7500468E9C /* NewsTagmakerViewModelTests.swift in Sources */ = {isa = PBXBuildFile; fileRef = F4DD9A22287FBA7500468E9C /* NewsTagmakerViewModelTests.swift */; };
/* End PBXBuildFile section */

/* Begin PBXContainerItemProxy section */
		F48A395A28656346002E0F94 /* PBXContainerItemProxy */ = {
			isa = PBXContainerItemProxy;
			containerPortal = F48A393B28656340002E0F94 /* Project object */;
			proxyType = 1;
			remoteGlobalIDString = F48A394228656340002E0F94;
			remoteInfo = News;
		};
		F48A396428656346002E0F94 /* PBXContainerItemProxy */ = {
			isa = PBXContainerItemProxy;
			containerPortal = F48A393B28656340002E0F94 /* Project object */;
			proxyType = 1;
			remoteGlobalIDString = F48A394228656340002E0F94;
			remoteInfo = News;
		};
/* End PBXContainerItemProxy section */

/* Begin PBXFileReference section */
		0F71B72F38E4D761E7C0A925 /* Pods-News-NewsUITests.release.xcconfig */ = {isa = PBXFileReference; includeInIndex = 1; lastKnownFileType = text.xcconfig; name = "Pods-News-NewsUITests.release.xcconfig"; path = "Target Support Files/Pods-News-NewsUITests/Pods-News-NewsUITests.release.xcconfig"; sourceTree = "<group>"; };
		2BAB25CA0E4D89C4FFD46C8A /* Pods-News.debug.xcconfig */ = {isa = PBXFileReference; includeInIndex = 1; lastKnownFileType = text.xcconfig; name = "Pods-News.debug.xcconfig"; path = "Target Support Files/Pods-News/Pods-News.debug.xcconfig"; sourceTree = "<group>"; };
		544745823AA415A6B685F336 /* Pods_NewsTests.framework */ = {isa = PBXFileReference; explicitFileType = wrapper.framework; includeInIndex = 0; path = Pods_NewsTests.framework; sourceTree = BUILT_PRODUCTS_DIR; };
		6A4CCDC47E12D81DC87C397A /* Pods-NewsTests.release.xcconfig */ = {isa = PBXFileReference; includeInIndex = 1; lastKnownFileType = text.xcconfig; name = "Pods-NewsTests.release.xcconfig"; path = "Target Support Files/Pods-NewsTests/Pods-NewsTests.release.xcconfig"; sourceTree = "<group>"; };
		A4E7B1625201B09F6897D58F /* Pods-NewsTests.debug.xcconfig */ = {isa = PBXFileReference; includeInIndex = 1; lastKnownFileType = text.xcconfig; name = "Pods-NewsTests.debug.xcconfig"; path = "Target Support Files/Pods-NewsTests/Pods-NewsTests.debug.xcconfig"; sourceTree = "<group>"; };
		BE742455E4EE790E65D66560 /* Pods-News.release.xcconfig */ = {isa = PBXFileReference; includeInIndex = 1; lastKnownFileType = text.xcconfig; name = "Pods-News.release.xcconfig"; path = "Target Support Files/Pods-News/Pods-News.release.xcconfig"; sourceTree = "<group>"; };
		E0E4C48955BBBD07C1F4AE4E /* Pods_News_NewsUITests.framework */ = {isa = PBXFileReference; explicitFileType = wrapper.framework; includeInIndex = 0; path = Pods_News_NewsUITests.framework; sourceTree = BUILT_PRODUCTS_DIR; };
		E55F069EF7FD41BD605FE3FE /* Pods_News.framework */ = {isa = PBXFileReference; explicitFileType = wrapper.framework; includeInIndex = 0; path = Pods_News.framework; sourceTree = BUILT_PRODUCTS_DIR; };
		F41E911B2877F351001AD18D /* ViewRepresentable.swift */ = {isa = PBXFileReference; lastKnownFileType = sourcecode.swift; path = ViewRepresentable.swift; sourceTree = "<group>"; };
		F41E911D2877F389001AD18D /* ViewModel.swift */ = {isa = PBXFileReference; lastKnownFileType = sourcecode.swift; path = ViewModel.swift; sourceTree = "<group>"; };
		F41E912228780B73001AD18D /* NewsWebView.swift */ = {isa = PBXFileReference; lastKnownFileType = sourcecode.swift; path = NewsWebView.swift; sourceTree = "<group>"; };
		F41E912428781010001AD18D /* NewsWebViewModel.swift */ = {isa = PBXFileReference; lastKnownFileType = sourcecode.swift; path = NewsWebViewModel.swift; sourceTree = "<group>"; };
		F41E912628782191001AD18D /* Coordinator.swift */ = {isa = PBXFileReference; lastKnownFileType = sourcecode.swift; path = Coordinator.swift; sourceTree = "<group>"; };
		F41E912928782215001AD18D /* CoordinatorDelegate.swift */ = {isa = PBXFileReference; lastKnownFileType = sourcecode.swift; path = CoordinatorDelegate.swift; sourceTree = "<group>"; };
		F41E912B287822AB001AD18D /* AppCoordinator.swift */ = {isa = PBXFileReference; lastKnownFileType = sourcecode.swift; path = AppCoordinator.swift; sourceTree = "<group>"; };
		F41E912D28782373001AD18D /* CoordinatorStyleCase.swift */ = {isa = PBXFileReference; lastKnownFileType = sourcecode.swift; path = CoordinatorStyleCase.swift; sourceTree = "<group>"; };
		F41E913028782495001AD18D /* NewsTabCoordinator.swift */ = {isa = PBXFileReference; lastKnownFileType = sourcecode.swift; path = NewsTabCoordinator.swift; sourceTree = "<group>"; };
		F41E913228782506001AD18D /* NewsTabPageCase.swift */ = {isa = PBXFileReference; lastKnownFileType = sourcecode.swift; path = NewsTabPageCase.swift; sourceTree = "<group>"; };
		F41E913528782F53001AD18D /* NewsListCoordinator.swift */ = {isa = PBXFileReference; lastKnownFileType = sourcecode.swift; path = NewsListCoordinator.swift; sourceTree = "<group>"; };
		F41E913828782F76001AD18D /* NewsScrapCoordinator.swift */ = {isa = PBXFileReference; lastKnownFileType = sourcecode.swift; path = NewsScrapCoordinator.swift; sourceTree = "<group>"; };
		F41E913A2879258D001AD18D /* ToastCase.swift */ = {isa = PBXFileReference; lastKnownFileType = sourcecode.swift; path = ToastCase.swift; sourceTree = "<group>"; };
		F41E913D28793DED001AD18D /* NewsListView.swift */ = {isa = PBXFileReference; lastKnownFileType = sourcecode.swift; path = NewsListView.swift; sourceTree = "<group>"; };
		F41E913F28793FEA001AD18D /* NewsListViewModel.swift */ = {isa = PBXFileReference; lastKnownFileType = sourcecode.swift; path = NewsListViewModel.swift; sourceTree = "<group>"; };
		F41E9142287BBCB3001AD18D /* NewsScrapView.swift */ = {isa = PBXFileReference; lastKnownFileType = sourcecode.swift; path = NewsScrapView.swift; sourceTree = "<group>"; };
		F41E9144287BBEBA001AD18D /* NewsScrapViewModel.swift */ = {isa = PBXFileReference; lastKnownFileType = sourcecode.swift; path = NewsScrapViewModel.swift; sourceTree = "<group>"; };
		F41E9146287BC2DA001AD18D /* UIViewController + Rx.swift */ = {isa = PBXFileReference; lastKnownFileType = sourcecode.swift; path = "UIViewController + Rx.swift"; sourceTree = "<group>"; };
		F41E914B287BFD44001AD18D /* NewsTagmakerViewModel.swift */ = {isa = PBXFileReference; lastKnownFileType = sourcecode.swift; path = NewsTagmakerViewModel.swift; sourceTree = "<group>"; };
		F465673B28ADEABC00094FA2 /* NewsTagmakerView.swift */ = {isa = PBXFileReference; fileEncoding = 4; lastKnownFileType = sourcecode.swift; path = NewsTagmakerView.swift; sourceTree = "<group>"; };
		F46BDD73286FF5D800566151 /* NewsWebViewModelTests.swift */ = {isa = PBXFileReference; lastKnownFileType = sourcecode.swift; path = NewsWebViewModelTests.swift; sourceTree = "<group>"; };
		F46BDD77286FF63700566151 /* MockCoreDataManager.swift */ = {isa = PBXFileReference; lastKnownFileType = sourcecode.swift; path = MockCoreDataManager.swift; sourceTree = "<group>"; };
		F48A394328656340002E0F94 /* News.app */ = {isa = PBXFileReference; explicitFileType = wrapper.application; includeInIndex = 0; path = News.app; sourceTree = BUILT_PRODUCTS_DIR; };
		F48A394628656340002E0F94 /* AppDelegate.swift */ = {isa = PBXFileReference; lastKnownFileType = sourcecode.swift; path = AppDelegate.swift; sourceTree = "<group>"; };
		F48A394828656340002E0F94 /* SceneDelegate.swift */ = {isa = PBXFileReference; lastKnownFileType = sourcecode.swift; path = SceneDelegate.swift; sourceTree = "<group>"; };
		F48A394A28656340002E0F94 /* NewsListViewController.swift */ = {isa = PBXFileReference; lastKnownFileType = sourcecode.swift; path = NewsListViewController.swift; sourceTree = "<group>"; };
		F48A394F28656346002E0F94 /* Assets.xcassets */ = {isa = PBXFileReference; lastKnownFileType = folder.assetcatalog; path = Assets.xcassets; sourceTree = "<group>"; };
		F48A395228656346002E0F94 /* Base */ = {isa = PBXFileReference; lastKnownFileType = file.storyboard; name = Base; path = Base.lproj/LaunchScreen.storyboard; sourceTree = "<group>"; };
		F48A395428656346002E0F94 /* Info.plist */ = {isa = PBXFileReference; lastKnownFileType = text.plist.xml; path = Info.plist; sourceTree = "<group>"; };
		F48A395928656346002E0F94 /* NewsTests.xctest */ = {isa = PBXFileReference; explicitFileType = wrapper.cfbundle; includeInIndex = 0; path = NewsTests.xctest; sourceTree = BUILT_PRODUCTS_DIR; };
		F48A396328656346002E0F94 /* NewsUITests.xctest */ = {isa = PBXFileReference; explicitFileType = wrapper.cfbundle; includeInIndex = 0; path = NewsUITests.xctest; sourceTree = BUILT_PRODUCTS_DIR; };
		F48A396728656346002E0F94 /* NewsUITests.swift */ = {isa = PBXFileReference; lastKnownFileType = sourcecode.swift; path = NewsUITests.swift; sourceTree = "<group>"; };
		F48A396928656346002E0F94 /* NewsUITestsLaunchTests.swift */ = {isa = PBXFileReference; lastKnownFileType = sourcecode.swift; path = NewsUITestsLaunchTests.swift; sourceTree = "<group>"; };
		F48A398228658222002E0F94 /* NewsListViewCell.swift */ = {isa = PBXFileReference; lastKnownFileType = sourcecode.swift; path = NewsListViewCell.swift; sourceTree = "<group>"; };
		F48A3984286599DD002E0F94 /* NewsListViewHeader.swift */ = {isa = PBXFileReference; lastKnownFileType = sourcecode.swift; path = NewsListViewHeader.swift; sourceTree = "<group>"; };
		F48A39872865A844002E0F94 /* NewsWebViewController.swift */ = {isa = PBXFileReference; lastKnownFileType = sourcecode.swift; path = NewsWebViewController.swift; sourceTree = "<group>"; };
		F48A398A2865F0F2002E0F94 /* NewsSearchManager.swift */ = {isa = PBXFileReference; lastKnownFileType = sourcecode.swift; path = NewsSearchManager.swift; sourceTree = "<group>"; };
		F48A398F2865F249002E0F94 /* NewsRequestModel.swift */ = {isa = PBXFileReference; lastKnownFileType = sourcecode.swift; path = NewsRequestModel.swift; sourceTree = "<group>"; };
		F48A39942866C38A002E0F94 /* String +.swift */ = {isa = PBXFileReference; lastKnownFileType = sourcecode.swift; path = "String +.swift"; sourceTree = "<group>"; };
		F48A3998286968CB002E0F94 /* MockNewsSearchManager.swift */ = {isa = PBXFileReference; lastKnownFileType = sourcecode.swift; path = MockNewsSearchManager.swift; sourceTree = "<group>"; };
		F48A39A4286BF30A002E0F94 /* NewsScrapViewController.swift */ = {isa = PBXFileReference; lastKnownFileType = sourcecode.swift; path = NewsScrapViewController.swift; sourceTree = "<group>"; };
		F48A39A9286BFDC7002E0F94 /* NewsData.xcdatamodel */ = {isa = PBXFileReference; lastKnownFileType = wrapper.xcdatamodel; path = NewsData.xcdatamodel; sourceTree = "<group>"; };
		F48A39B1286BFFB4002E0F94 /* NewsSearchResponseDTO.swift */ = {isa = PBXFileReference; lastKnownFileType = sourcecode.swift; path = NewsSearchResponseDTO.swift; sourceTree = "<group>"; };
		F48A39B4286C0189002E0F94 /* NewsData.swift */ = {isa = PBXFileReference; lastKnownFileType = sourcecode.swift; path = NewsData.swift; sourceTree = "<group>"; };
		F48A39B7286C0580002E0F94 /* NewsSearchManagerProtocol.swift */ = {isa = PBXFileReference; lastKnownFileType = sourcecode.swift; path = NewsSearchManagerProtocol.swift; sourceTree = "<group>"; };
		F48A39BA286C0789002E0F94 /* NetworkError.swift */ = {isa = PBXFileReference; lastKnownFileType = sourcecode.swift; path = NetworkError.swift; sourceTree = "<group>"; };
		F48A39BC286C0864002E0F94 /* EndPoint.swift */ = {isa = PBXFileReference; lastKnownFileType = sourcecode.swift; path = EndPoint.swift; sourceTree = "<group>"; };
		F48A39BE286C0926002E0F94 /* APIKey.swift */ = {isa = PBXFileReference; lastKnownFileType = sourcecode.swift; path = APIKey.swift; sourceTree = "<group>"; };
		F48A39C0286C2A69002E0F94 /* CoreDataManager.swift */ = {isa = PBXFileReference; lastKnownFileType = sourcecode.swift; path = CoreDataManager.swift; sourceTree = "<group>"; };
		F48A39CC286C4CF2002E0F94 /* NewsScrapViewCell.swift */ = {isa = PBXFileReference; lastKnownFileType = sourcecode.swift; path = NewsScrapViewCell.swift; sourceTree = "<group>"; };
		F48A39D0286D19ED002E0F94 /* Date +.swift */ = {isa = PBXFileReference; lastKnownFileType = sourcecode.swift; path = "Date +.swift"; sourceTree = "<group>"; };
		F48A39D5286D97A6002E0F94 /* NewsTagmakerViewController.swift */ = {isa = PBXFileReference; lastKnownFileType = sourcecode.swift; path = NewsTagmakerViewController.swift; sourceTree = "<group>"; };
		F48A39D9286DDA62002E0F94 /* NewsTagmakerViewCell.swift */ = {isa = PBXFileReference; lastKnownFileType = sourcecode.swift; path = NewsTagmakerViewCell.swift; sourceTree = "<group>"; };
		F4A1A4762872C5F300B64827 /* SearchUseCase.swift */ = {isa = PBXFileReference; lastKnownFileType = sourcecode.swift; path = SearchUseCase.swift; sourceTree = "<group>"; };
		F4A1A47B2873F6AF00B64827 /* CoreDataManagerProtocol.swift */ = {isa = PBXFileReference; lastKnownFileType = sourcecode.swift; path = CoreDataManagerProtocol.swift; sourceTree = "<group>"; };
		F4A1A47D2873F6FC00B64827 /* DataBaseUseCase.swift */ = {isa = PBXFileReference; lastKnownFileType = sourcecode.swift; path = DataBaseUseCase.swift; sourceTree = "<group>"; };
		F4DD9A1E287E740F00468E9C /* NewsListViewModelTests.swift */ = {isa = PBXFileReference; lastKnownFileType = sourcecode.swift; path = NewsListViewModelTests.swift; sourceTree = "<group>"; };
		F4DD9A20287F1F8C00468E9C /* NewsScrapViewModelTests.swift */ = {isa = PBXFileReference; lastKnownFileType = sourcecode.swift; path = NewsScrapViewModelTests.swift; sourceTree = "<group>"; };
		F4DD9A22287FBA7500468E9C /* NewsTagmakerViewModelTests.swift */ = {isa = PBXFileReference; lastKnownFileType = sourcecode.swift; path = NewsTagmakerViewModelTests.swift; sourceTree = "<group>"; };
		FEB8EF78F376FE5A39CED285 /* Pods-News-NewsUITests.debug.xcconfig */ = {isa = PBXFileReference; includeInIndex = 1; lastKnownFileType = text.xcconfig; name = "Pods-News-NewsUITests.debug.xcconfig"; path = "Target Support Files/Pods-News-NewsUITests/Pods-News-NewsUITests.debug.xcconfig"; sourceTree = "<group>"; };
/* End PBXFileReference section */

/* Begin PBXFrameworksBuildPhase section */
		F48A394028656340002E0F94 /* Frameworks */ = {
			isa = PBXFrameworksBuildPhase;
			buildActionMask = 2147483647;
			files = (
				7CFBBD8955E15B1F44752E46 /* Pods_News.framework in Frameworks */,
			);
			runOnlyForDeploymentPostprocessing = 0;
		};
		F48A395628656346002E0F94 /* Frameworks */ = {
			isa = PBXFrameworksBuildPhase;
			buildActionMask = 2147483647;
			files = (
				22EF032EF42AACD80C07DCBC /* Pods_NewsTests.framework in Frameworks */,
			);
			runOnlyForDeploymentPostprocessing = 0;
		};
		F48A396028656346002E0F94 /* Frameworks */ = {
			isa = PBXFrameworksBuildPhase;
			buildActionMask = 2147483647;
			files = (
				68A1B34C024BABF3C79EEC84 /* Pods_News_NewsUITests.framework in Frameworks */,
			);
			runOnlyForDeploymentPostprocessing = 0;
		};
/* End PBXFrameworksBuildPhase section */

/* Begin PBXGroup section */
		89A260037072C32724854883 /* Frameworks */ = {
			isa = PBXGroup;
			children = (
				E55F069EF7FD41BD605FE3FE /* Pods_News.framework */,
				E0E4C48955BBBD07C1F4AE4E /* Pods_News_NewsUITests.framework */,
				544745823AA415A6B685F336 /* Pods_NewsTests.framework */,
			);
			name = Frameworks;
			sourceTree = "<group>";
		};
		A85DB8EF221970566522C80D /* Pods */ = {
			isa = PBXGroup;
			children = (
				2BAB25CA0E4D89C4FFD46C8A /* Pods-News.debug.xcconfig */,
				BE742455E4EE790E65D66560 /* Pods-News.release.xcconfig */,
				FEB8EF78F376FE5A39CED285 /* Pods-News-NewsUITests.debug.xcconfig */,
				0F71B72F38E4D761E7C0A925 /* Pods-News-NewsUITests.release.xcconfig */,
				A4E7B1625201B09F6897D58F /* Pods-NewsTests.debug.xcconfig */,
				6A4CCDC47E12D81DC87C397A /* Pods-NewsTests.release.xcconfig */,
			);
			path = Pods;
			sourceTree = "<group>";
		};
		F41E91182877E019001AD18D /* ViewController */ = {
			isa = PBXGroup;
			children = (
				F48A39872865A844002E0F94 /* NewsWebViewController.swift */,
			);
			path = ViewController;
			sourceTree = "<group>";
		};
		F41E91192877F331001AD18D /* Util */ = {
			isa = PBXGroup;
			children = (
				F41E9128287821DF001AD18D /* Constant */,
				F41E911A2877F341001AD18D /* Protocol */,
			);
			path = Util;
			sourceTree = "<group>";
		};
		F41E911A2877F341001AD18D /* Protocol */ = {
			isa = PBXGroup;
			children = (
				F41E911B2877F351001AD18D /* ViewRepresentable.swift */,
				F41E911D2877F389001AD18D /* ViewModel.swift */,
			);
			path = Protocol;
			sourceTree = "<group>";
		};
		F41E9128287821DF001AD18D /* Constant */ = {
			isa = PBXGroup;
			children = (
				F41E913A2879258D001AD18D /* ToastCase.swift */,
			);
			path = Constant;
			sourceTree = "<group>";
		};
		F41E913428782E2D001AD18D /* Coordinator */ = {
			isa = PBXGroup;
			children = (
				F41E913528782F53001AD18D /* NewsListCoordinator.swift */,
			);
			path = Coordinator;
			sourceTree = "<group>";
		};
		F41E913728782F5E001AD18D /* Coordinator */ = {
			isa = PBXGroup;
			children = (
				F41E913828782F76001AD18D /* NewsScrapCoordinator.swift */,
			);
			path = Coordinator;
			sourceTree = "<group>";
		};
		F41E913C28793C94001AD18D /* ViewController */ = {
			isa = PBXGroup;
			children = (
				F48A394A28656340002E0F94 /* NewsListViewController.swift */,
			);
			path = ViewController;
			sourceTree = "<group>";
		};
		F41E9141287BBC7C001AD18D /* ViewController */ = {
			isa = PBXGroup;
			children = (
				F48A39A4286BF30A002E0F94 /* NewsScrapViewController.swift */,
			);
			path = ViewController;
			sourceTree = "<group>";
		};
		F41E9148287BFBCF001AD18D /* ViewController */ = {
			isa = PBXGroup;
			children = (
				F48A39D5286D97A6002E0F94 /* NewsTagmakerViewController.swift */,
			);
			path = ViewController;
			sourceTree = "<group>";
		};
		F48A393A28656340002E0F94 = {
			isa = PBXGroup;
			children = (
				F48A394528656340002E0F94 /* News */,
				F48A395C28656346002E0F94 /* NewsTests */,
				F48A396628656346002E0F94 /* NewsUITests */,
				F48A394428656340002E0F94 /* Products */,
				A85DB8EF221970566522C80D /* Pods */,
				89A260037072C32724854883 /* Frameworks */,
			);
			sourceTree = "<group>";
		};
		F48A394428656340002E0F94 /* Products */ = {
			isa = PBXGroup;
			children = (
				F48A394328656340002E0F94 /* News.app */,
				F48A395928656346002E0F94 /* NewsTests.xctest */,
				F48A396328656346002E0F94 /* NewsUITests.xctest */,
			);
			name = Products;
			sourceTree = "<group>";
		};
		F48A394528656340002E0F94 /* News */ = {
			isa = PBXGroup;
			children = (
				F48A39A6286BFCD1002E0F94 /* Application */,
				F48A397E286564C3002E0F94 /* Presentations */,
				F48A39AC286BFF27002E0F94 /* Data */,
				F48A39AB286BFF20002E0F94 /* Domain */,
				F48A39B9286C0737002E0F94 /* Network */,
				F41E91192877F331001AD18D /* Util */,
				F48A39932866C34F002E0F94 /* Extensions */,
				F4A1A47F2873FCA900B64827 /* Coordinator */,
				F48A3977286563F0002E0F94 /* Resources */,
				F48A395428656346002E0F94 /* Info.plist */,
			);
			path = News;
			sourceTree = "<group>";
		};
		F48A395C28656346002E0F94 /* NewsTests */ = {
			isa = PBXGroup;
			children = (
				F46BDD73286FF5D800566151 /* NewsWebViewModelTests.swift */,
				F4DD9A1E287E740F00468E9C /* NewsListViewModelTests.swift */,
				F4DD9A20287F1F8C00468E9C /* NewsScrapViewModelTests.swift */,
				F4DD9A22287FBA7500468E9C /* NewsTagmakerViewModelTests.swift */,
				F48A399C28696C3C002E0F94 /* Mocks */,
			);
			path = NewsTests;
			sourceTree = "<group>";
		};
		F48A396628656346002E0F94 /* NewsUITests */ = {
			isa = PBXGroup;
			children = (
				F48A396728656346002E0F94 /* NewsUITests.swift */,
				F48A396928656346002E0F94 /* NewsUITestsLaunchTests.swift */,
			);
			path = NewsUITests;
			sourceTree = "<group>";
		};
		F48A3977286563F0002E0F94 /* Resources */ = {
			isa = PBXGroup;
			children = (
				F48A394F28656346002E0F94 /* Assets.xcassets */,
				F48A395128656346002E0F94 /* LaunchScreen.storyboard */,
			);
			path = Resources;
			sourceTree = "<group>";
		};
		F48A397E286564C3002E0F94 /* Presentations */ = {
			isa = PBXGroup;
			children = (
				F48A39A0286BEAD2002E0F94 /* NewsTab */,
				F48A39862865A820002E0F94 /* NewsWeb */,
				F48A398128657E2B002E0F94 /* NewsList */,
				F48A39A1286BEAE6002E0F94 /* NewsScrap */,
				F48A39D2286D971D002E0F94 /* NewsTagmaker */,
			);
			path = Presentations;
			sourceTree = "<group>";
		};
		F48A398128657E2B002E0F94 /* NewsList */ = {
			isa = PBXGroup;
			children = (
				F41E913428782E2D001AD18D /* Coordinator */,
				F48A39AD286BFF5D002E0F94 /* View */,
				F41E913C28793C94001AD18D /* ViewController */,
				F48A39AE286BFF65002E0F94 /* ViewModel */,
			);
			path = NewsList;
			sourceTree = "<group>";
		};
		F48A39862865A820002E0F94 /* NewsWeb */ = {
			isa = PBXGroup;
			children = (
				F48A39C4286C2CCC002E0F94 /* View */,
				F41E91182877E019001AD18D /* ViewController */,
				F48A39C5286C2CD3002E0F94 /* ViewModel */,
			);
			path = NewsWeb;
			sourceTree = "<group>";
		};
		F48A39932866C34F002E0F94 /* Extensions */ = {
			isa = PBXGroup;
			children = (
				F48A39942866C38A002E0F94 /* String +.swift */,
				F48A39D0286D19ED002E0F94 /* Date +.swift */,
				F41E9146287BC2DA001AD18D /* UIViewController + Rx.swift */,
			);
			path = Extensions;
			sourceTree = "<group>";
		};
		F48A399C28696C3C002E0F94 /* Mocks */ = {
			isa = PBXGroup;
			children = (
				F48A3998286968CB002E0F94 /* MockNewsSearchManager.swift */,
				F46BDD77286FF63700566151 /* MockCoreDataManager.swift */,
			);
			path = Mocks;
			sourceTree = "<group>";
		};
		F48A39A0286BEAD2002E0F94 /* NewsTab */ = {
			isa = PBXGroup;
			children = (
				F41E913028782495001AD18D /* NewsTabCoordinator.swift */,
				F41E913228782506001AD18D /* NewsTabPageCase.swift */,
			);
			path = NewsTab;
			sourceTree = "<group>";
		};
		F48A39A1286BEAE6002E0F94 /* NewsScrap */ = {
			isa = PBXGroup;
			children = (
				F41E913728782F5E001AD18D /* Coordinator */,
				F48A39C8286C4776002E0F94 /* View */,
				F41E9141287BBC7C001AD18D /* ViewController */,
				F48A39CB286C4799002E0F94 /* ViewModel */,
			);
			path = NewsScrap;
			sourceTree = "<group>";
		};
		F48A39A6286BFCD1002E0F94 /* Application */ = {
			isa = PBXGroup;
			children = (
				F41E912B287822AB001AD18D /* AppCoordinator.swift */,
				F48A394628656340002E0F94 /* AppDelegate.swift */,
				F48A394828656340002E0F94 /* SceneDelegate.swift */,
			);
			path = Application;
			sourceTree = "<group>";
		};
		F48A39AB286BFF20002E0F94 /* Domain */ = {
			isa = PBXGroup;
			children = (
				F4A1A4752872C5CA00B64827 /* UseCase */,
				F48A39B3286C0164002E0F94 /* Entity */,
				F48A39B6286C053C002E0F94 /* Interface */,
			);
			path = Domain;
			sourceTree = "<group>";
		};
		F48A39AC286BFF27002E0F94 /* Data */ = {
			isa = PBXGroup;
			children = (
				F48A39AF286BFF83002E0F94 /* DataMapping */,
				F48A39B0286BFF8F002E0F94 /* Repository */,
			);
			path = Data;
			sourceTree = "<group>";
		};
		F48A39AD286BFF5D002E0F94 /* View */ = {
			isa = PBXGroup;
			children = (
				F41E913D28793DED001AD18D /* NewsListView.swift */,
				F48A398228658222002E0F94 /* NewsListViewCell.swift */,
				F48A3984286599DD002E0F94 /* NewsListViewHeader.swift */,
			);
			path = View;
			sourceTree = "<group>";
		};
		F48A39AE286BFF65002E0F94 /* ViewModel */ = {
			isa = PBXGroup;
			children = (
				F41E913F28793FEA001AD18D /* NewsListViewModel.swift */,
			);
			path = ViewModel;
			sourceTree = "<group>";
		};
		F48A39AF286BFF83002E0F94 /* DataMapping */ = {
			isa = PBXGroup;
			children = (
				F48A39B1286BFFB4002E0F94 /* NewsSearchResponseDTO.swift */,
			);
			path = DataMapping;
			sourceTree = "<group>";
		};
		F48A39B0286BFF8F002E0F94 /* Repository */ = {
			isa = PBXGroup;
			children = (
				F48A398A2865F0F2002E0F94 /* NewsSearchManager.swift */,
				F48A39C0286C2A69002E0F94 /* CoreDataManager.swift */,
			);
			path = Repository;
			sourceTree = "<group>";
		};
		F48A39B3286C0164002E0F94 /* Entity */ = {
			isa = PBXGroup;
			children = (
				F48A39B4286C0189002E0F94 /* NewsData.swift */,
				F48A39A8286BFDC7002E0F94 /* NewsData.xcdatamodeld */,
			);
			path = Entity;
			sourceTree = "<group>";
		};
		F48A39B6286C053C002E0F94 /* Interface */ = {
			isa = PBXGroup;
			children = (
				F48A39B7286C0580002E0F94 /* NewsSearchManagerProtocol.swift */,
				F4A1A47B2873F6AF00B64827 /* CoreDataManagerProtocol.swift */,
			);
			path = Interface;
			sourceTree = "<group>";
		};
		F48A39B9286C0737002E0F94 /* Network */ = {
			isa = PBXGroup;
			children = (
				F48A39BC286C0864002E0F94 /* EndPoint.swift */,
				F48A39BE286C0926002E0F94 /* APIKey.swift */,
				F48A39BA286C0789002E0F94 /* NetworkError.swift */,
				F48A398F2865F249002E0F94 /* NewsRequestModel.swift */,
			);
			path = Network;
			sourceTree = "<group>";
		};
		F48A39C4286C2CCC002E0F94 /* View */ = {
			isa = PBXGroup;
			children = (
				F41E912228780B73001AD18D /* NewsWebView.swift */,
			);
			path = View;
			sourceTree = "<group>";
		};
		F48A39C5286C2CD3002E0F94 /* ViewModel */ = {
			isa = PBXGroup;
			children = (
				F41E912428781010001AD18D /* NewsWebViewModel.swift */,
			);
			path = ViewModel;
			sourceTree = "<group>";
		};
		F48A39C8286C4776002E0F94 /* View */ = {
			isa = PBXGroup;
			children = (
				F41E9142287BBCB3001AD18D /* NewsScrapView.swift */,
				F48A39CC286C4CF2002E0F94 /* NewsScrapViewCell.swift */,
			);
			path = View;
			sourceTree = "<group>";
		};
		F48A39CB286C4799002E0F94 /* ViewModel */ = {
			isa = PBXGroup;
			children = (
				F41E9144287BBEBA001AD18D /* NewsScrapViewModel.swift */,
			);
			path = ViewModel;
			sourceTree = "<group>";
		};
		F48A39D2286D971D002E0F94 /* NewsTagmaker */ = {
			isa = PBXGroup;
			children = (
				F48A39D3286D9750002E0F94 /* View */,
				F41E9148287BFBCF001AD18D /* ViewController */,
				F48A39D4286D975B002E0F94 /* Presenter */,
			);
			path = NewsTagmaker;
			sourceTree = "<group>";
		};
		F48A39D3286D9750002E0F94 /* View */ = {
			isa = PBXGroup;
			children = (
				F465673B28ADEABC00094FA2 /* NewsTagmakerView.swift */,
				F48A39D9286DDA62002E0F94 /* NewsTagmakerViewCell.swift */,
			);
			path = View;
			sourceTree = "<group>";
		};
		F48A39D4286D975B002E0F94 /* Presenter */ = {
			isa = PBXGroup;
			children = (
				F41E914B287BFD44001AD18D /* NewsTagmakerViewModel.swift */,
			);
			path = Presenter;
			sourceTree = "<group>";
		};
		F4A1A4752872C5CA00B64827 /* UseCase */ = {
			isa = PBXGroup;
			children = (
				F4A1A4762872C5F300B64827 /* SearchUseCase.swift */,
				F4A1A47D2873F6FC00B64827 /* DataBaseUseCase.swift */,
			);
			path = UseCase;
			sourceTree = "<group>";
		};
		F4A1A47F2873FCA900B64827 /* Coordinator */ = {
			isa = PBXGroup;
			children = (
				F41E912628782191001AD18D /* Coordinator.swift */,
				F41E912928782215001AD18D /* CoordinatorDelegate.swift */,
				F41E912D28782373001AD18D /* CoordinatorStyleCase.swift */,
			);
			path = Coordinator;
			sourceTree = "<group>";
		};
/* End PBXGroup section */

/* Begin PBXNativeTarget section */
		F48A394228656340002E0F94 /* News */ = {
			isa = PBXNativeTarget;
			buildConfigurationList = F48A396D28656346002E0F94 /* Build configuration list for PBXNativeTarget "News" */;
			buildPhases = (
				B5006D4840D6821BC07066CA /* [CP] Check Pods Manifest.lock */,
				F48A393F28656340002E0F94 /* Sources */,
				F48A394028656340002E0F94 /* Frameworks */,
				F48A394128656340002E0F94 /* Resources */,
				FD947C6839D6B9B5A3936AE8 /* [CP] Embed Pods Frameworks */,
			);
			buildRules = (
			);
			dependencies = (
			);
			name = News;
			productName = News;
			productReference = F48A394328656340002E0F94 /* News.app */;
			productType = "com.apple.product-type.application";
		};
		F48A395828656346002E0F94 /* NewsTests */ = {
			isa = PBXNativeTarget;
			buildConfigurationList = F48A397028656346002E0F94 /* Build configuration list for PBXNativeTarget "NewsTests" */;
			buildPhases = (
				308C95770D8BAAFC53690BAB /* [CP] Check Pods Manifest.lock */,
				F48A395528656346002E0F94 /* Sources */,
				F48A395628656346002E0F94 /* Frameworks */,
				F48A395728656346002E0F94 /* Resources */,
				7DB88577A6B4E7B40A267FAB /* [CP] Embed Pods Frameworks */,
			);
			buildRules = (
			);
			dependencies = (
				F48A395B28656346002E0F94 /* PBXTargetDependency */,
			);
			name = NewsTests;
			productName = NewsTests;
			productReference = F48A395928656346002E0F94 /* NewsTests.xctest */;
			productType = "com.apple.product-type.bundle.unit-test";
		};
		F48A396228656346002E0F94 /* NewsUITests */ = {
			isa = PBXNativeTarget;
			buildConfigurationList = F48A397328656346002E0F94 /* Build configuration list for PBXNativeTarget "NewsUITests" */;
			buildPhases = (
				D0FD3A3F4F982C679EF746F9 /* [CP] Check Pods Manifest.lock */,
				F48A395F28656346002E0F94 /* Sources */,
				F48A396028656346002E0F94 /* Frameworks */,
				F48A396128656346002E0F94 /* Resources */,
				4603A53785C8B71B56B91C52 /* [CP] Embed Pods Frameworks */,
			);
			buildRules = (
			);
			dependencies = (
				F48A396528656346002E0F94 /* PBXTargetDependency */,
			);
			name = NewsUITests;
			productName = NewsUITests;
			productReference = F48A396328656346002E0F94 /* NewsUITests.xctest */;
			productType = "com.apple.product-type.bundle.ui-testing";
		};
/* End PBXNativeTarget section */

/* Begin PBXProject section */
		F48A393B28656340002E0F94 /* Project object */ = {
			isa = PBXProject;
			attributes = {
				BuildIndependentTargetsInParallel = 1;
				LastSwiftUpdateCheck = 1330;
				LastUpgradeCheck = 1330;
				TargetAttributes = {
					F48A394228656340002E0F94 = {
						CreatedOnToolsVersion = 13.3.1;
					};
					F48A395828656346002E0F94 = {
						CreatedOnToolsVersion = 13.3.1;
						LastSwiftMigration = 1330;
						TestTargetID = F48A394228656340002E0F94;
					};
					F48A396228656346002E0F94 = {
						CreatedOnToolsVersion = 13.3.1;
						TestTargetID = F48A394228656340002E0F94;
					};
				};
			};
			buildConfigurationList = F48A393E28656340002E0F94 /* Build configuration list for PBXProject "News" */;
			compatibilityVersion = "Xcode 13.0";
			developmentRegion = en;
			hasScannedForEncodings = 0;
			knownRegions = (
				en,
				Base,
			);
			mainGroup = F48A393A28656340002E0F94;
			productRefGroup = F48A394428656340002E0F94 /* Products */;
			projectDirPath = "";
			projectRoot = "";
			targets = (
				F48A394228656340002E0F94 /* News */,
				F48A395828656346002E0F94 /* NewsTests */,
				F48A396228656346002E0F94 /* NewsUITests */,
			);
		};
/* End PBXProject section */

/* Begin PBXResourcesBuildPhase section */
		F48A394128656340002E0F94 /* Resources */ = {
			isa = PBXResourcesBuildPhase;
			buildActionMask = 2147483647;
			files = (
				F48A395328656346002E0F94 /* LaunchScreen.storyboard in Resources */,
				F48A395028656346002E0F94 /* Assets.xcassets in Resources */,
			);
			runOnlyForDeploymentPostprocessing = 0;
		};
		F48A395728656346002E0F94 /* Resources */ = {
			isa = PBXResourcesBuildPhase;
			buildActionMask = 2147483647;
			files = (
			);
			runOnlyForDeploymentPostprocessing = 0;
		};
		F48A396128656346002E0F94 /* Resources */ = {
			isa = PBXResourcesBuildPhase;
			buildActionMask = 2147483647;
			files = (
			);
			runOnlyForDeploymentPostprocessing = 0;
		};
/* End PBXResourcesBuildPhase section */

/* Begin PBXShellScriptBuildPhase section */
		308C95770D8BAAFC53690BAB /* [CP] Check Pods Manifest.lock */ = {
			isa = PBXShellScriptBuildPhase;
			buildActionMask = 2147483647;
			files = (
			);
			inputFileListPaths = (
			);
			inputPaths = (
				"${PODS_PODFILE_DIR_PATH}/Podfile.lock",
				"${PODS_ROOT}/Manifest.lock",
			);
			name = "[CP] Check Pods Manifest.lock";
			outputFileListPaths = (
			);
			outputPaths = (
				"$(DERIVED_FILE_DIR)/Pods-NewsTests-checkManifestLockResult.txt",
			);
			runOnlyForDeploymentPostprocessing = 0;
			shellPath = /bin/sh;
			shellScript = "diff \"${PODS_PODFILE_DIR_PATH}/Podfile.lock\" \"${PODS_ROOT}/Manifest.lock\" > /dev/null\nif [ $? != 0 ] ; then\n    # print error to STDERR\n    echo \"error: The sandbox is not in sync with the Podfile.lock. Run 'pod install' or update your CocoaPods installation.\" >&2\n    exit 1\nfi\n# This output is used by Xcode 'outputs' to avoid re-running this script phase.\necho \"SUCCESS\" > \"${SCRIPT_OUTPUT_FILE_0}\"\n";
			showEnvVarsInLog = 0;
		};
		4603A53785C8B71B56B91C52 /* [CP] Embed Pods Frameworks */ = {
			isa = PBXShellScriptBuildPhase;
			buildActionMask = 2147483647;
			files = (
			);
			inputFileListPaths = (
				"${PODS_ROOT}/Target Support Files/Pods-News-NewsUITests/Pods-News-NewsUITests-frameworks-${CONFIGURATION}-input-files.xcfilelist",
			);
			name = "[CP] Embed Pods Frameworks";
			outputFileListPaths = (
				"${PODS_ROOT}/Target Support Files/Pods-News-NewsUITests/Pods-News-NewsUITests-frameworks-${CONFIGURATION}-output-files.xcfilelist",
			);
			runOnlyForDeploymentPostprocessing = 0;
			shellPath = /bin/sh;
			shellScript = "\"${PODS_ROOT}/Target Support Files/Pods-News-NewsUITests/Pods-News-NewsUITests-frameworks.sh\"\n";
			showEnvVarsInLog = 0;
		};
		7DB88577A6B4E7B40A267FAB /* [CP] Embed Pods Frameworks */ = {
			isa = PBXShellScriptBuildPhase;
			buildActionMask = 2147483647;
			files = (
			);
			inputFileListPaths = (
				"${PODS_ROOT}/Target Support Files/Pods-NewsTests/Pods-NewsTests-frameworks-${CONFIGURATION}-input-files.xcfilelist",
			);
			name = "[CP] Embed Pods Frameworks";
			outputFileListPaths = (
				"${PODS_ROOT}/Target Support Files/Pods-NewsTests/Pods-NewsTests-frameworks-${CONFIGURATION}-output-files.xcfilelist",
			);
			runOnlyForDeploymentPostprocessing = 0;
			shellPath = /bin/sh;
			shellScript = "\"${PODS_ROOT}/Target Support Files/Pods-NewsTests/Pods-NewsTests-frameworks.sh\"\n";
			showEnvVarsInLog = 0;
		};
		B5006D4840D6821BC07066CA /* [CP] Check Pods Manifest.lock */ = {
			isa = PBXShellScriptBuildPhase;
			buildActionMask = 2147483647;
			files = (
			);
			inputFileListPaths = (
			);
			inputPaths = (
				"${PODS_PODFILE_DIR_PATH}/Podfile.lock",
				"${PODS_ROOT}/Manifest.lock",
			);
			name = "[CP] Check Pods Manifest.lock";
			outputFileListPaths = (
			);
			outputPaths = (
				"$(DERIVED_FILE_DIR)/Pods-News-checkManifestLockResult.txt",
			);
			runOnlyForDeploymentPostprocessing = 0;
			shellPath = /bin/sh;
			shellScript = "diff \"${PODS_PODFILE_DIR_PATH}/Podfile.lock\" \"${PODS_ROOT}/Manifest.lock\" > /dev/null\nif [ $? != 0 ] ; then\n    # print error to STDERR\n    echo \"error: The sandbox is not in sync with the Podfile.lock. Run 'pod install' or update your CocoaPods installation.\" >&2\n    exit 1\nfi\n# This output is used by Xcode 'outputs' to avoid re-running this script phase.\necho \"SUCCESS\" > \"${SCRIPT_OUTPUT_FILE_0}\"\n";
			showEnvVarsInLog = 0;
		};
		D0FD3A3F4F982C679EF746F9 /* [CP] Check Pods Manifest.lock */ = {
			isa = PBXShellScriptBuildPhase;
			buildActionMask = 2147483647;
			files = (
			);
			inputFileListPaths = (
			);
			inputPaths = (
				"${PODS_PODFILE_DIR_PATH}/Podfile.lock",
				"${PODS_ROOT}/Manifest.lock",
			);
			name = "[CP] Check Pods Manifest.lock";
			outputFileListPaths = (
			);
			outputPaths = (
				"$(DERIVED_FILE_DIR)/Pods-News-NewsUITests-checkManifestLockResult.txt",
			);
			runOnlyForDeploymentPostprocessing = 0;
			shellPath = /bin/sh;
			shellScript = "diff \"${PODS_PODFILE_DIR_PATH}/Podfile.lock\" \"${PODS_ROOT}/Manifest.lock\" > /dev/null\nif [ $? != 0 ] ; then\n    # print error to STDERR\n    echo \"error: The sandbox is not in sync with the Podfile.lock. Run 'pod install' or update your CocoaPods installation.\" >&2\n    exit 1\nfi\n# This output is used by Xcode 'outputs' to avoid re-running this script phase.\necho \"SUCCESS\" > \"${SCRIPT_OUTPUT_FILE_0}\"\n";
			showEnvVarsInLog = 0;
		};
		FD947C6839D6B9B5A3936AE8 /* [CP] Embed Pods Frameworks */ = {
			isa = PBXShellScriptBuildPhase;
			buildActionMask = 2147483647;
			files = (
			);
			inputFileListPaths = (
				"${PODS_ROOT}/Target Support Files/Pods-News/Pods-News-frameworks-${CONFIGURATION}-input-files.xcfilelist",
			);
			name = "[CP] Embed Pods Frameworks";
			outputFileListPaths = (
				"${PODS_ROOT}/Target Support Files/Pods-News/Pods-News-frameworks-${CONFIGURATION}-output-files.xcfilelist",
			);
			runOnlyForDeploymentPostprocessing = 0;
			shellPath = /bin/sh;
			shellScript = "\"${PODS_ROOT}/Target Support Files/Pods-News/Pods-News-frameworks.sh\"\n";
			showEnvVarsInLog = 0;
		};
/* End PBXShellScriptBuildPhase section */

/* Begin PBXSourcesBuildPhase section */
		F48A393F28656340002E0F94 /* Sources */ = {
			isa = PBXSourcesBuildPhase;
			buildActionMask = 2147483647;
			files = (
				F48A39AA286BFDC7002E0F94 /* NewsData.xcdatamodeld in Sources */,
				F48A39BF286C0926002E0F94 /* APIKey.swift in Sources */,
				F4A1A47E2873F6FC00B64827 /* DataBaseUseCase.swift in Sources */,
				F41E913628782F54001AD18D /* NewsListCoordinator.swift in Sources */,
				F48A398B2865F0F2002E0F94 /* NewsSearchManager.swift in Sources */,
				F48A39BD286C0864002E0F94 /* EndPoint.swift in Sources */,
				F41E911E2877F389001AD18D /* ViewModel.swift in Sources */,
				F41E913B2879258D001AD18D /* ToastCase.swift in Sources */,
				F48A394B28656340002E0F94 /* NewsListViewController.swift in Sources */,
				F41E914C287BFD44001AD18D /* NewsTagmakerViewModel.swift in Sources */,
				F41E912528781010001AD18D /* NewsWebViewModel.swift in Sources */,
				F41E912728782191001AD18D /* Coordinator.swift in Sources */,
				F48A394728656340002E0F94 /* AppDelegate.swift in Sources */,
				F41E913128782495001AD18D /* NewsTabCoordinator.swift in Sources */,
				F48A39B5286C0189002E0F94 /* NewsData.swift in Sources */,
				F48A3985286599DE002E0F94 /* NewsListViewHeader.swift in Sources */,
				F48A394928656340002E0F94 /* SceneDelegate.swift in Sources */,
				F41E9145287BBEBA001AD18D /* NewsScrapViewModel.swift in Sources */,
				F41E914028793FEA001AD18D /* NewsListViewModel.swift in Sources */,
				F48A39882865A844002E0F94 /* NewsWebViewController.swift in Sources */,
				F48A39CD286C4CF2002E0F94 /* NewsScrapViewCell.swift in Sources */,
				F48A39902865F249002E0F94 /* NewsRequestModel.swift in Sources */,
				F4A1A47C2873F6AF00B64827 /* CoreDataManagerProtocol.swift in Sources */,
				F48A39B8286C0580002E0F94 /* NewsSearchManagerProtocol.swift in Sources */,
				F48A39A5286BF30A002E0F94 /* NewsScrapViewController.swift in Sources */,
				F48A39D1286D19ED002E0F94 /* Date +.swift in Sources */,
				F48A398328658222002E0F94 /* NewsListViewCell.swift in Sources */,
				F41E912328780B73001AD18D /* NewsWebView.swift in Sources */,
				F41E912A28782215001AD18D /* CoordinatorDelegate.swift in Sources */,
				F48A39BB286C078A002E0F94 /* NetworkError.swift in Sources */,
				F48A39952866C38A002E0F94 /* String +.swift in Sources */,
				F41E9143287BBCB3001AD18D /* NewsScrapView.swift in Sources */,
				F4A1A4772872C5F300B64827 /* SearchUseCase.swift in Sources */,
				F41E913E28793DED001AD18D /* NewsListView.swift in Sources */,
				F48A39C1286C2A69002E0F94 /* CoreDataManager.swift in Sources */,
				F48A39D6286D97A6002E0F94 /* NewsTagmakerViewController.swift in Sources */,
				F41E913928782F76001AD18D /* NewsScrapCoordinator.swift in Sources */,
				F41E9147287BC2DA001AD18D /* UIViewController + Rx.swift in Sources */,
				F48A39DA286DDA62002E0F94 /* NewsTagmakerViewCell.swift in Sources */,
				F41E912E28782373001AD18D /* CoordinatorStyleCase.swift in Sources */,
				F41E912C287822AB001AD18D /* AppCoordinator.swift in Sources */,
				F41E911C2877F351001AD18D /* ViewRepresentable.swift in Sources */,
				F48A39B2286BFFB4002E0F94 /* NewsSearchResponseDTO.swift in Sources */,
				F41E913328782506001AD18D /* NewsTabPageCase.swift in Sources */,
				F465673C28ADEABC00094FA2 /* NewsTagmakerView.swift in Sources */,
			);
			runOnlyForDeploymentPostprocessing = 0;
		};
		F48A395528656346002E0F94 /* Sources */ = {
			isa = PBXSourcesBuildPhase;
			buildActionMask = 2147483647;
			files = (
				F46BDD74286FF5D800566151 /* NewsWebViewModelTests.swift in Sources */,
				F4DD9A21287F1F8D00468E9C /* NewsScrapViewModelTests.swift in Sources */,
				F48A3999286968CB002E0F94 /* MockNewsSearchManager.swift in Sources */,
				F4DD9A23287FBA7500468E9C /* NewsTagmakerViewModelTests.swift in Sources */,
				F4DD9A1F287E740F00468E9C /* NewsListViewModelTests.swift in Sources */,
				F46BDD78286FF63700566151 /* MockCoreDataManager.swift in Sources */,
			);
			runOnlyForDeploymentPostprocessing = 0;
		};
		F48A395F28656346002E0F94 /* Sources */ = {
			isa = PBXSourcesBuildPhase;
			buildActionMask = 2147483647;
			files = (
				F48A396828656346002E0F94 /* NewsUITests.swift in Sources */,
				F48A396A28656346002E0F94 /* NewsUITestsLaunchTests.swift in Sources */,
			);
			runOnlyForDeploymentPostprocessing = 0;
		};
/* End PBXSourcesBuildPhase section */

/* Begin PBXTargetDependency section */
		F48A395B28656346002E0F94 /* PBXTargetDependency */ = {
			isa = PBXTargetDependency;
			target = F48A394228656340002E0F94 /* News */;
			targetProxy = F48A395A28656346002E0F94 /* PBXContainerItemProxy */;
		};
		F48A396528656346002E0F94 /* PBXTargetDependency */ = {
			isa = PBXTargetDependency;
			target = F48A394228656340002E0F94 /* News */;
			targetProxy = F48A396428656346002E0F94 /* PBXContainerItemProxy */;
		};
/* End PBXTargetDependency section */

/* Begin PBXVariantGroup section */
		F48A395128656346002E0F94 /* LaunchScreen.storyboard */ = {
			isa = PBXVariantGroup;
			children = (
				F48A395228656346002E0F94 /* Base */,
			);
			name = LaunchScreen.storyboard;
			sourceTree = "<group>";
		};
/* End PBXVariantGroup section */

/* Begin XCBuildConfiguration section */
		F48A396B28656346002E0F94 /* Debug */ = {
			isa = XCBuildConfiguration;
			buildSettings = {
				ALWAYS_SEARCH_USER_PATHS = NO;
				CLANG_ANALYZER_NONNULL = YES;
				CLANG_ANALYZER_NUMBER_OBJECT_CONVERSION = YES_AGGRESSIVE;
				CLANG_CXX_LANGUAGE_STANDARD = "gnu++17";
				CLANG_ENABLE_MODULES = YES;
				CLANG_ENABLE_OBJC_ARC = YES;
				CLANG_ENABLE_OBJC_WEAK = YES;
				CLANG_WARN_BLOCK_CAPTURE_AUTORELEASING = YES;
				CLANG_WARN_BOOL_CONVERSION = YES;
				CLANG_WARN_COMMA = YES;
				CLANG_WARN_CONSTANT_CONVERSION = YES;
				CLANG_WARN_DEPRECATED_OBJC_IMPLEMENTATIONS = YES;
				CLANG_WARN_DIRECT_OBJC_ISA_USAGE = YES_ERROR;
				CLANG_WARN_DOCUMENTATION_COMMENTS = YES;
				CLANG_WARN_EMPTY_BODY = YES;
				CLANG_WARN_ENUM_CONVERSION = YES;
				CLANG_WARN_INFINITE_RECURSION = YES;
				CLANG_WARN_INT_CONVERSION = YES;
				CLANG_WARN_NON_LITERAL_NULL_CONVERSION = YES;
				CLANG_WARN_OBJC_IMPLICIT_RETAIN_SELF = YES;
				CLANG_WARN_OBJC_LITERAL_CONVERSION = YES;
				CLANG_WARN_OBJC_ROOT_CLASS = YES_ERROR;
				CLANG_WARN_QUOTED_INCLUDE_IN_FRAMEWORK_HEADER = YES;
				CLANG_WARN_RANGE_LOOP_ANALYSIS = YES;
				CLANG_WARN_STRICT_PROTOTYPES = YES;
				CLANG_WARN_SUSPICIOUS_MOVE = YES;
				CLANG_WARN_UNGUARDED_AVAILABILITY = YES_AGGRESSIVE;
				CLANG_WARN_UNREACHABLE_CODE = YES;
				CLANG_WARN__DUPLICATE_METHOD_MATCH = YES;
				COPY_PHASE_STRIP = NO;
				DEBUG_INFORMATION_FORMAT = dwarf;
				ENABLE_STRICT_OBJC_MSGSEND = YES;
				ENABLE_TESTABILITY = YES;
				GCC_C_LANGUAGE_STANDARD = gnu11;
				GCC_DYNAMIC_NO_PIC = NO;
				GCC_NO_COMMON_BLOCKS = YES;
				GCC_OPTIMIZATION_LEVEL = 0;
				GCC_PREPROCESSOR_DEFINITIONS = (
					"DEBUG=1",
					"$(inherited)",
				);
				GCC_WARN_64_TO_32_BIT_CONVERSION = YES;
				GCC_WARN_ABOUT_RETURN_TYPE = YES_ERROR;
				GCC_WARN_UNDECLARED_SELECTOR = YES;
				GCC_WARN_UNINITIALIZED_AUTOS = YES_AGGRESSIVE;
				GCC_WARN_UNUSED_FUNCTION = YES;
				GCC_WARN_UNUSED_VARIABLE = YES;
				IPHONEOS_DEPLOYMENT_TARGET = 14.5;
				MTL_ENABLE_DEBUG_INFO = INCLUDE_SOURCE;
				MTL_FAST_MATH = YES;
				ONLY_ACTIVE_ARCH = YES;
				SDKROOT = iphoneos;
				SWIFT_ACTIVE_COMPILATION_CONDITIONS = DEBUG;
				SWIFT_OPTIMIZATION_LEVEL = "-Onone";
			};
			name = Debug;
		};
		F48A396C28656346002E0F94 /* Release */ = {
			isa = XCBuildConfiguration;
			buildSettings = {
				ALWAYS_SEARCH_USER_PATHS = NO;
				CLANG_ANALYZER_NONNULL = YES;
				CLANG_ANALYZER_NUMBER_OBJECT_CONVERSION = YES_AGGRESSIVE;
				CLANG_CXX_LANGUAGE_STANDARD = "gnu++17";
				CLANG_ENABLE_MODULES = YES;
				CLANG_ENABLE_OBJC_ARC = YES;
				CLANG_ENABLE_OBJC_WEAK = YES;
				CLANG_WARN_BLOCK_CAPTURE_AUTORELEASING = YES;
				CLANG_WARN_BOOL_CONVERSION = YES;
				CLANG_WARN_COMMA = YES;
				CLANG_WARN_CONSTANT_CONVERSION = YES;
				CLANG_WARN_DEPRECATED_OBJC_IMPLEMENTATIONS = YES;
				CLANG_WARN_DIRECT_OBJC_ISA_USAGE = YES_ERROR;
				CLANG_WARN_DOCUMENTATION_COMMENTS = YES;
				CLANG_WARN_EMPTY_BODY = YES;
				CLANG_WARN_ENUM_CONVERSION = YES;
				CLANG_WARN_INFINITE_RECURSION = YES;
				CLANG_WARN_INT_CONVERSION = YES;
				CLANG_WARN_NON_LITERAL_NULL_CONVERSION = YES;
				CLANG_WARN_OBJC_IMPLICIT_RETAIN_SELF = YES;
				CLANG_WARN_OBJC_LITERAL_CONVERSION = YES;
				CLANG_WARN_OBJC_ROOT_CLASS = YES_ERROR;
				CLANG_WARN_QUOTED_INCLUDE_IN_FRAMEWORK_HEADER = YES;
				CLANG_WARN_RANGE_LOOP_ANALYSIS = YES;
				CLANG_WARN_STRICT_PROTOTYPES = YES;
				CLANG_WARN_SUSPICIOUS_MOVE = YES;
				CLANG_WARN_UNGUARDED_AVAILABILITY = YES_AGGRESSIVE;
				CLANG_WARN_UNREACHABLE_CODE = YES;
				CLANG_WARN__DUPLICATE_METHOD_MATCH = YES;
				COPY_PHASE_STRIP = NO;
				DEBUG_INFORMATION_FORMAT = "dwarf-with-dsym";
				ENABLE_NS_ASSERTIONS = NO;
				ENABLE_STRICT_OBJC_MSGSEND = YES;
				GCC_C_LANGUAGE_STANDARD = gnu11;
				GCC_NO_COMMON_BLOCKS = YES;
				GCC_WARN_64_TO_32_BIT_CONVERSION = YES;
				GCC_WARN_ABOUT_RETURN_TYPE = YES_ERROR;
				GCC_WARN_UNDECLARED_SELECTOR = YES;
				GCC_WARN_UNINITIALIZED_AUTOS = YES_AGGRESSIVE;
				GCC_WARN_UNUSED_FUNCTION = YES;
				GCC_WARN_UNUSED_VARIABLE = YES;
				IPHONEOS_DEPLOYMENT_TARGET = 14.5;
				MTL_ENABLE_DEBUG_INFO = NO;
				MTL_FAST_MATH = YES;
				SDKROOT = iphoneos;
				SWIFT_COMPILATION_MODE = wholemodule;
				SWIFT_OPTIMIZATION_LEVEL = "-O";
				VALIDATE_PRODUCT = YES;
			};
			name = Release;
		};
		F48A396E28656346002E0F94 /* Debug */ = {
			isa = XCBuildConfiguration;
			baseConfigurationReference = 2BAB25CA0E4D89C4FFD46C8A /* Pods-News.debug.xcconfig */;
			buildSettings = {
				ALWAYS_EMBED_SWIFT_STANDARD_LIBRARIES = "$(inherited)";
				ASSETCATALOG_COMPILER_APPICON_NAME = AppIcon;
				ASSETCATALOG_COMPILER_GLOBAL_ACCENT_COLOR_NAME = AccentColor;
				CODE_SIGN_STYLE = Automatic;
				CURRENT_PROJECT_VERSION = 1;
				DEVELOPMENT_TEAM = AT2N75TMZD;
				GENERATE_INFOPLIST_FILE = YES;
				INFOPLIST_FILE = News/Info.plist;
				INFOPLIST_KEY_UIApplicationSupportsIndirectInputEvents = YES;
				INFOPLIST_KEY_UILaunchStoryboardName = LaunchScreen;
				INFOPLIST_KEY_UISupportedInterfaceOrientations = UIInterfaceOrientationPortrait;
				INFOPLIST_KEY_UISupportedInterfaceOrientations_iPad = "UIInterfaceOrientationPortrait UIInterfaceOrientationPortraitUpsideDown UIInterfaceOrientationLandscapeLeft UIInterfaceOrientationLandscapeRight";
				INFOPLIST_KEY_UISupportedInterfaceOrientations_iPhone = "UIInterfaceOrientationPortrait UIInterfaceOrientationLandscapeLeft UIInterfaceOrientationLandscapeRight";
				LD_RUNPATH_SEARCH_PATHS = (
					"$(inherited)",
					"@executable_path/Frameworks",
				);
				MARKETING_VERSION = 1.0;
				PRODUCT_BUNDLE_IDENTIFIER = com.simon.News;
				PRODUCT_NAME = "$(TARGET_NAME)";
				SWIFT_EMIT_LOC_STRINGS = YES;
				SWIFT_VERSION = 5.0;
				TARGETED_DEVICE_FAMILY = 1;
			};
			name = Debug;
		};
		F48A396F28656346002E0F94 /* Release */ = {
			isa = XCBuildConfiguration;
			baseConfigurationReference = BE742455E4EE790E65D66560 /* Pods-News.release.xcconfig */;
			buildSettings = {
				ALWAYS_EMBED_SWIFT_STANDARD_LIBRARIES = "$(inherited)";
				ASSETCATALOG_COMPILER_APPICON_NAME = AppIcon;
				ASSETCATALOG_COMPILER_GLOBAL_ACCENT_COLOR_NAME = AccentColor;
				CODE_SIGN_STYLE = Automatic;
				CURRENT_PROJECT_VERSION = 1;
				DEVELOPMENT_TEAM = AT2N75TMZD;
				GENERATE_INFOPLIST_FILE = YES;
				INFOPLIST_FILE = News/Info.plist;
				INFOPLIST_KEY_UIApplicationSupportsIndirectInputEvents = YES;
				INFOPLIST_KEY_UILaunchStoryboardName = LaunchScreen;
				INFOPLIST_KEY_UISupportedInterfaceOrientations = UIInterfaceOrientationPortrait;
				INFOPLIST_KEY_UISupportedInterfaceOrientations_iPad = "UIInterfaceOrientationPortrait UIInterfaceOrientationPortraitUpsideDown UIInterfaceOrientationLandscapeLeft UIInterfaceOrientationLandscapeRight";
				INFOPLIST_KEY_UISupportedInterfaceOrientations_iPhone = "UIInterfaceOrientationPortrait UIInterfaceOrientationLandscapeLeft UIInterfaceOrientationLandscapeRight";
				LD_RUNPATH_SEARCH_PATHS = (
					"$(inherited)",
					"@executable_path/Frameworks",
				);
				MARKETING_VERSION = 1.0;
				PRODUCT_BUNDLE_IDENTIFIER = com.simon.News;
				PRODUCT_NAME = "$(TARGET_NAME)";
				SWIFT_EMIT_LOC_STRINGS = YES;
				SWIFT_VERSION = 5.0;
				TARGETED_DEVICE_FAMILY = 1;
			};
			name = Release;
		};
		F48A397128656346002E0F94 /* Debug */ = {
			isa = XCBuildConfiguration;
			baseConfigurationReference = A4E7B1625201B09F6897D58F /* Pods-NewsTests.debug.xcconfig */;
			buildSettings = {
				ALWAYS_EMBED_SWIFT_STANDARD_LIBRARIES = "$(inherited)";
				BUNDLE_LOADER = "$(TEST_HOST)";
				CLANG_ENABLE_MODULES = YES;
				CODE_SIGN_STYLE = Automatic;
				CURRENT_PROJECT_VERSION = 1;
				DEVELOPMENT_TEAM = AT2N75TMZD;
				GENERATE_INFOPLIST_FILE = YES;
				IPHONEOS_DEPLOYMENT_TARGET = 15.4;
				LD_RUNPATH_SEARCH_PATHS = (
					"$(inherited)",
					"@executable_path/Frameworks",
					"@loader_path/Frameworks",
				);
				MARKETING_VERSION = 1.0;
				PRODUCT_BUNDLE_IDENTIFIER = com.simon.NewsTests;
				PRODUCT_NAME = "$(TARGET_NAME)";
				SWIFT_EMIT_LOC_STRINGS = NO;
				SWIFT_OPTIMIZATION_LEVEL = "-Onone";
				SWIFT_VERSION = 5.0;
				TARGETED_DEVICE_FAMILY = "1,2";
				TEST_HOST = "$(BUILT_PRODUCTS_DIR)/News.app/News";
			};
			name = Debug;
		};
		F48A397228656346002E0F94 /* Release */ = {
			isa = XCBuildConfiguration;
			baseConfigurationReference = 6A4CCDC47E12D81DC87C397A /* Pods-NewsTests.release.xcconfig */;
			buildSettings = {
				ALWAYS_EMBED_SWIFT_STANDARD_LIBRARIES = "$(inherited)";
				BUNDLE_LOADER = "$(TEST_HOST)";
				CLANG_ENABLE_MODULES = YES;
				CODE_SIGN_STYLE = Automatic;
				CURRENT_PROJECT_VERSION = 1;
				DEVELOPMENT_TEAM = AT2N75TMZD;
				GENERATE_INFOPLIST_FILE = YES;
				IPHONEOS_DEPLOYMENT_TARGET = 15.4;
				LD_RUNPATH_SEARCH_PATHS = (
					"$(inherited)",
					"@executable_path/Frameworks",
					"@loader_path/Frameworks",
				);
				MARKETING_VERSION = 1.0;
				PRODUCT_BUNDLE_IDENTIFIER = com.simon.NewsTests;
				PRODUCT_NAME = "$(TARGET_NAME)";
				SWIFT_EMIT_LOC_STRINGS = NO;
				SWIFT_VERSION = 5.0;
				TARGETED_DEVICE_FAMILY = "1,2";
				TEST_HOST = "$(BUILT_PRODUCTS_DIR)/News.app/News";
			};
			name = Release;
		};
		F48A397428656346002E0F94 /* Debug */ = {
			isa = XCBuildConfiguration;
			baseConfigurationReference = FEB8EF78F376FE5A39CED285 /* Pods-News-NewsUITests.debug.xcconfig */;
			buildSettings = {
				ALWAYS_EMBED_SWIFT_STANDARD_LIBRARIES = "$(inherited)";
				CODE_SIGN_STYLE = Automatic;
				CURRENT_PROJECT_VERSION = 1;
				DEVELOPMENT_TEAM = AT2N75TMZD;
				GENERATE_INFOPLIST_FILE = YES;
				MARKETING_VERSION = 1.0;
				PRODUCT_BUNDLE_IDENTIFIER = com.simon.NewsUITests;
				PRODUCT_NAME = "$(TARGET_NAME)";
				SWIFT_EMIT_LOC_STRINGS = NO;
				SWIFT_VERSION = 5.0;
				TARGETED_DEVICE_FAMILY = "1,2";
				TEST_TARGET_NAME = News;
			};
			name = Debug;
		};
		F48A397528656346002E0F94 /* Release */ = {
			isa = XCBuildConfiguration;
			baseConfigurationReference = 0F71B72F38E4D761E7C0A925 /* Pods-News-NewsUITests.release.xcconfig */;
			buildSettings = {
				ALWAYS_EMBED_SWIFT_STANDARD_LIBRARIES = "$(inherited)";
				CODE_SIGN_STYLE = Automatic;
				CURRENT_PROJECT_VERSION = 1;
				DEVELOPMENT_TEAM = AT2N75TMZD;
				GENERATE_INFOPLIST_FILE = YES;
				MARKETING_VERSION = 1.0;
				PRODUCT_BUNDLE_IDENTIFIER = com.simon.NewsUITests;
				PRODUCT_NAME = "$(TARGET_NAME)";
				SWIFT_EMIT_LOC_STRINGS = NO;
				SWIFT_VERSION = 5.0;
				TARGETED_DEVICE_FAMILY = "1,2";
				TEST_TARGET_NAME = News;
			};
			name = Release;
		};
/* End XCBuildConfiguration section */

/* Begin XCConfigurationList section */
		F48A393E28656340002E0F94 /* Build configuration list for PBXProject "News" */ = {
			isa = XCConfigurationList;
			buildConfigurations = (
				F48A396B28656346002E0F94 /* Debug */,
				F48A396C28656346002E0F94 /* Release */,
			);
			defaultConfigurationIsVisible = 0;
			defaultConfigurationName = Release;
		};
		F48A396D28656346002E0F94 /* Build configuration list for PBXNativeTarget "News" */ = {
			isa = XCConfigurationList;
			buildConfigurations = (
				F48A396E28656346002E0F94 /* Debug */,
				F48A396F28656346002E0F94 /* Release */,
			);
			defaultConfigurationIsVisible = 0;
			defaultConfigurationName = Release;
		};
		F48A397028656346002E0F94 /* Build configuration list for PBXNativeTarget "NewsTests" */ = {
			isa = XCConfigurationList;
			buildConfigurations = (
				F48A397128656346002E0F94 /* Debug */,
				F48A397228656346002E0F94 /* Release */,
			);
			defaultConfigurationIsVisible = 0;
			defaultConfigurationName = Release;
		};
		F48A397328656346002E0F94 /* Build configuration list for PBXNativeTarget "NewsUITests" */ = {
			isa = XCConfigurationList;
			buildConfigurations = (
				F48A397428656346002E0F94 /* Debug */,
				F48A397528656346002E0F94 /* Release */,
			);
			defaultConfigurationIsVisible = 0;
			defaultConfigurationName = Release;
		};
/* End XCConfigurationList section */

/* Begin XCVersionGroup section */
		F48A39A8286BFDC7002E0F94 /* NewsData.xcdatamodeld */ = {
			isa = XCVersionGroup;
			children = (
				F48A39A9286BFDC7002E0F94 /* NewsData.xcdatamodel */,
			);
			currentVersion = F48A39A9286BFDC7002E0F94 /* NewsData.xcdatamodel */;
			path = NewsData.xcdatamodeld;
			sourceTree = "<group>";
			versionGroupType = wrapper.xcdatamodel;
		};
/* End XCVersionGroup section */
	};
	rootObject = F48A393B28656340002E0F94 /* Project object */;
}
